{
  "requires": true,
  "lockfileVersion": 1,
  "dependencies": {
    "fs": {
      "version": "0.0.1-security",
      "resolved": "https://registry.npmjs.org/fs/-/fs-0.0.1-security.tgz",
      "integrity": "sha1-invTcYa23d84E/I4WLV+yq9eQdQ="
    },
    "google-charts": {
      "version": "1.5.0",
      "resolved": "https://registry.npmjs.org/google-charts/-/google-charts-1.5.0.tgz",
      "integrity": "sha512-UAMin1C4/nCMZw/STjNisi+S8qVOAVJa7O4/hbMFPca3eqr2SNhSMlD5hikpk9M8DgWUvBcx2LJqi6E3an9Rpg=="
    }
  }
}
